// !$*UTF8*$!
{
	archiveVersion = 1;
	classes = {
	};
	objectVersion = 46;
	objects = {

/* Begin PBXBuildFile section */
		D932425619C3154900CA28AB /* Bug.m in Sources */ = {isa = PBXBuildFile; fileRef = D932425519C3154900CA28AB /* Bug.m */; };
		D93A51AC19C07A0D0027A2FD /* Foundation.framework in Frameworks */ = {isa = PBXBuildFile; fileRef = D93A51AB19C07A0D0027A2FD /* Foundation.framework */; };
		D93A51AE19C07A0D0027A2FD /* CoreGraphics.framework in Frameworks */ = {isa = PBXBuildFile; fileRef = D93A51AD19C07A0D0027A2FD /* CoreGraphics.framework */; };
		D93A51B019C07A0D0027A2FD /* UIKit.framework in Frameworks */ = {isa = PBXBuildFile; fileRef = D93A51AF19C07A0D0027A2FD /* UIKit.framework */; };
		D93A51B219C07A0D0027A2FD /* SpriteKit.framework in Frameworks */ = {isa = PBXBuildFile; fileRef = D93A51B119C07A0D0027A2FD /* SpriteKit.framework */; };
		D93A51B819C07A0D0027A2FD /* InfoPlist.strings in Resources */ = {isa = PBXBuildFile; fileRef = D93A51B619C07A0D0027A2FD /* InfoPlist.strings */; };
		D93A51BA19C07A0D0027A2FD /* main.m in Sources */ = {isa = PBXBuildFile; fileRef = D93A51B919C07A0D0027A2FD /* main.m */; };
		D93A51BE19C07A0D0027A2FD /* AppDelegate.m in Sources */ = {isa = PBXBuildFile; fileRef = D93A51BD19C07A0D0027A2FD /* AppDelegate.m */; };
		D93A51C119C07A0D0027A2FD /* Main.storyboard in Resources */ = {isa = PBXBuildFile; fileRef = D93A51BF19C07A0D0027A2FD /* Main.storyboard */; };
		D93A51C419C07A0D0027A2FD /* ViewController.m in Sources */ = {isa = PBXBuildFile; fileRef = D93A51C319C07A0D0027A2FD /* ViewController.m */; };
		D93A51C719C07A0D0027A2FD /* MyScene.m in Sources */ = {isa = PBXBuildFile; fileRef = D93A51C619C07A0D0027A2FD /* MyScene.m */; };
		D93A51CB19C07A0E0027A2FD /* Images.xcassets in Resources */ = {isa = PBXBuildFile; fileRef = D93A51CA19C07A0E0027A2FD /* Images.xcassets */; };
		D93A51D219C07A100027A2FD /* XCTest.framework in Frameworks */ = {isa = PBXBuildFile; fileRef = D93A51D119C07A100027A2FD /* XCTest.framework */; };
		D93A51D319C07A100027A2FD /* Foundation.framework in Frameworks */ = {isa = PBXBuildFile; fileRef = D93A51AB19C07A0D0027A2FD /* Foundation.framework */; };
		D93A51D419C07A100027A2FD /* UIKit.framework in Frameworks */ = {isa = PBXBuildFile; fileRef = D93A51AF19C07A0D0027A2FD /* UIKit.framework */; };
		D93A51DC19C07A100027A2FD /* InfoPlist.strings in Resources */ = {isa = PBXBuildFile; fileRef = D93A51DA19C07A100027A2FD /* InfoPlist.strings */; };
		D93A51DE19C07A100027A2FD /* PestControlTests.m in Sources */ = {isa = PBXBuildFile; fileRef = D93A51DD19C07A100027A2FD /* PestControlTests.m */; };
		D93A51F219C07A590027A2FD /* SKAction+SKTExtras.m in Sources */ = {isa = PBXBuildFile; fileRef = D93A51E919C07A590027A2FD /* SKAction+SKTExtras.m */; };
		D93A51F319C07A590027A2FD /* SKEmitterNode+SKTExtras.m in Sources */ = {isa = PBXBuildFile; fileRef = D93A51EB19C07A590027A2FD /* SKEmitterNode+SKTExtras.m */; };
		D93A51F419C07A590027A2FD /* SKNode+SKTExtras.m in Sources */ = {isa = PBXBuildFile; fileRef = D93A51ED19C07A590027A2FD /* SKNode+SKTExtras.m */; };
		D93A51F519C07A590027A2FD /* SKTAudio.m in Sources */ = {isa = PBXBuildFile; fileRef = D93A51EF19C07A590027A2FD /* SKTAudio.m */; };
		D93A51F619C07A590027A2FD /* SKTUtils.mm in Sources */ = {isa = PBXBuildFile; fileRef = D93A51F119C07A590027A2FD /* SKTUtils.mm */; };
		D93A522019C07AFD0027A2FD /* characters.atlas in Resources */ = {isa = PBXBuildFile; fileRef = D93A51FA19C07AFD0027A2FD /* characters.atlas */; };
		D93A522119C07AFD0027A2FD /* scenery.atlas in Resources */ = {isa = PBXBuildFile; fileRef = D93A51FB19C07AFD0027A2FD /* scenery.atlas */; };
		D93A522219C07AFD0027A2FD /* BugSplatter.sks in Resources */ = {isa = PBXBuildFile; fileRef = D93A51FD19C07AFD0027A2FD /* BugSplatter.sks */; };
		D93A522319C07AFD0027A2FD /* FirebugSmoke.sks in Resources */ = {isa = PBXBuildFile; fileRef = D93A51FE19C07AFD0027A2FD /* FirebugSmoke.sks */; };
		D93A522419C07AFD0027A2FD /* FirebugSparks.sks in Resources */ = {isa = PBXBuildFile; fileRef = D93A51FF19C07AFD0027A2FD /* FirebugSparks.sks */; };
		D93A522519C07AFD0027A2FD /* Leaf.png in Resources */ = {isa = PBXBuildFile; fileRef = D93A520019C07AFD0027A2FD /* Leaf.png */; };
		D93A522619C07AFD0027A2FD /* PlayerHitWall.sks in Resources */ = {isa = PBXBuildFile; fileRef = D93A520119C07AFD0027A2FD /* PlayerHitWall.sks */; };
		D93A522719C07AFD0027A2FD /* PlayerTrail.sks in Resources */ = {isa = PBXBuildFile; fileRef = D93A520219C07AFD0027A2FD /* PlayerTrail.sks */; };
		D93A522819C07AFD0027A2FD /* Rock.png in Resources */ = {isa = PBXBuildFile; fileRef = D93A520319C07AFD0027A2FD /* Rock.png */; };
		D93A522919C07AFD0027A2FD /* Spark.png in Resources */ = {isa = PBXBuildFile; fileRef = D93A520419C07AFD0027A2FD /* Spark.png */; };
		D93A522A19C07AFD0027A2FD /* Splat.png in Resources */ = {isa = PBXBuildFile; fileRef = D93A520519C07AFD0027A2FD /* Splat.png */; };
		D93A522B19C07AFD0027A2FD /* Star.png in Resources */ = {isa = PBXBuildFile; fileRef = D93A520619C07AFD0027A2FD /* Star.png */; };
		D93A522C19C07AFD0027A2FD /* TreeSmash.sks in Resources */ = {isa = PBXBuildFile; fileRef = D93A520719C07AFD0027A2FD /* TreeSmash.sks */; };
		D93A522D19C07AFD0027A2FD /* WaterDrop.png in Resources */ = {isa = PBXBuildFile; fileRef = D93A520819C07AFD0027A2FD /* WaterDrop.png */; };
		D93A522E19C07AFD0027A2FD /* DrownFireBug.mp3 in Resources */ = {isa = PBXBuildFile; fileRef = D93A520A19C07AFD0027A2FD /* DrownFireBug.mp3 */; };
		D93A522F19C07AFD0027A2FD /* HitFireBug.mp3 in Resources */ = {isa = PBXBuildFile; fileRef = D93A520B19C07AFD0027A2FD /* HitFireBug.mp3 */; };
		D93A523019C07AFD0027A2FD /* HitTree.mp3 in Resources */ = {isa = PBXBuildFile; fileRef = D93A520C19C07AFD0027A2FD /* HitTree.mp3 */; };
		D93A523119C07AFD0027A2FD /* HitWall.mp3 in Resources */ = {isa = PBXBuildFile; fileRef = D93A520D19C07AFD0027A2FD /* HitWall.mp3 */; };
		D93A523219C07AFD0027A2FD /* HitWater.mp3 in Resources */ = {isa = PBXBuildFile; fileRef = D93A520E19C07AFD0027A2FD /* HitWater.mp3 */; };
		D93A523319C07AFD0027A2FD /* KillBug-1.mp3 in Resources */ = {isa = PBXBuildFile; fileRef = D93A520F19C07AFD0027A2FD /* KillBug-1.mp3 */; };
		D93A523419C07AFD0027A2FD /* KillBug-10.mp3 in Resources */ = {isa = PBXBuildFile; fileRef = D93A521019C07AFD0027A2FD /* KillBug-10.mp3 */; };
		D93A523519C07AFD0027A2FD /* KillBug-11.mp3 in Resources */ = {isa = PBXBuildFile; fileRef = D93A521119C07AFD0027A2FD /* KillBug-11.mp3 */; };
		D93A523619C07AFD0027A2FD /* KillBug-12.mp3 in Resources */ = {isa = PBXBuildFile; fileRef = D93A521219C07AFD0027A2FD /* KillBug-12.mp3 */; };
		D93A523719C07AFD0027A2FD /* KillBug-2.mp3 in Resources */ = {isa = PBXBuildFile; fileRef = D93A521319C07AFD0027A2FD /* KillBug-2.mp3 */; };
		D93A523819C07AFD0027A2FD /* KillBug-3.mp3 in Resources */ = {isa = PBXBuildFile; fileRef = D93A521419C07AFD0027A2FD /* KillBug-3.mp3 */; };
		D93A523919C07AFD0027A2FD /* KillBug-4.mp3 in Resources */ = {isa = PBXBuildFile; fileRef = D93A521519C07AFD0027A2FD /* KillBug-4.mp3 */; };
		D93A523A19C07AFD0027A2FD /* KillBug-5.mp3 in Resources */ = {isa = PBXBuildFile; fileRef = D93A521619C07AFD0027A2FD /* KillBug-5.mp3 */; };
		D93A523B19C07AFD0027A2FD /* KillBug-6.mp3 in Resources */ = {isa = PBXBuildFile; fileRef = D93A521719C07AFD0027A2FD /* KillBug-6.mp3 */; };
		D93A523C19C07AFD0027A2FD /* KillBug-7.mp3 in Resources */ = {isa = PBXBuildFile; fileRef = D93A521819C07AFD0027A2FD /* KillBug-7.mp3 */; };
		D93A523D19C07AFD0027A2FD /* KillBug-8.mp3 in Resources */ = {isa = PBXBuildFile; fileRef = D93A521919C07AFD0027A2FD /* KillBug-8.mp3 */; };
		D93A523E19C07AFD0027A2FD /* KillBug-9.mp3 in Resources */ = {isa = PBXBuildFile; fileRef = D93A521A19C07AFD0027A2FD /* KillBug-9.mp3 */; };
		D93A523F19C07AFD0027A2FD /* Lose.mp3 in Resources */ = {isa = PBXBuildFile; fileRef = D93A521B19C07AFD0027A2FD /* Lose.mp3 */; };
		D93A524019C07AFD0027A2FD /* Music.mp3 in Resources */ = {isa = PBXBuildFile; fileRef = D93A521C19C07AFD0027A2FD /* Music.mp3 */; };
		D93A524119C07AFD0027A2FD /* PlayerMove.mp3 in Resources */ = {isa = PBXBuildFile; fileRef = D93A521D19C07AFD0027A2FD /* PlayerMove.mp3 */; };
		D93A524219C07AFD0027A2FD /* TickTock.mp3 in Resources */ = {isa = PBXBuildFile; fileRef = D93A521E19C07AFD0027A2FD /* TickTock.mp3 */; };
		D93A524319C07AFD0027A2FD /* Win.mp3 in Resources */ = {isa = PBXBuildFile; fileRef = D93A521F19C07AFD0027A2FD /* Win.mp3 */; };
		D93A524A19C07BE70027A2FD /* SKTEffects.m in Sources */ = {isa = PBXBuildFile; fileRef = D93A524719C07BE70027A2FD /* SKTEffects.m */; };
		D93A524B19C07BE70027A2FD /* SKTTimingFunctions.m in Sources */ = {isa = PBXBuildFile; fileRef = D93A524919C07BE70027A2FD /* SKTTimingFunctions.m */; };
		D93A525919C07BFE0027A2FD /* juicy-level-bg.txt in Resources */ = {isa = PBXBuildFile; fileRef = D93A524C19C07BFE0027A2FD /* juicy-level-bg.txt */; };
		D93A525A19C07BFE0027A2FD /* juicy-level-breakables.txt in Resources */ = {isa = PBXBuildFile; fileRef = D93A524D19C07BFE0027A2FD /* juicy-level-breakables.txt */; };
		D93A525B19C07BFE0027A2FD /* juicy-level-bugs.txt in Resources */ = {isa = PBXBuildFile; fileRef = D93A524E19C07BFE0027A2FD /* juicy-level-bugs.txt */; };
		D93A525C19C07BFE0027A2FD /* JuicyLevels.plist in Resources */ = {isa = PBXBuildFile; fileRef = D93A524F19C07BFE0027A2FD /* JuicyLevels.plist */; };
		D93A525D19C07BFE0027A2FD /* level-1-bg.txt in Resources */ = {isa = PBXBuildFile; fileRef = D93A525019C07BFE0027A2FD /* level-1-bg.txt */; };
		D93A525E19C07BFE0027A2FD /* level-1-bugs.txt in Resources */ = {isa = PBXBuildFile; fileRef = D93A525119C07BFE0027A2FD /* level-1-bugs.txt */; };
		D93A525F19C07BFE0027A2FD /* level-2-bg.txt in Resources */ = {isa = PBXBuildFile; fileRef = D93A525219C07BFE0027A2FD /* level-2-bg.txt */; };
		D93A526019C07BFE0027A2FD /* level-2-breakables.txt in Resources */ = {isa = PBXBuildFile; fileRef = D93A525319C07BFE0027A2FD /* level-2-breakables.txt */; };
		D93A526119C07BFE0027A2FD /* level-2-bugs.txt in Resources */ = {isa = PBXBuildFile; fileRef = D93A525419C07BFE0027A2FD /* level-2-bugs.txt */; };
		D93A526219C07BFE0027A2FD /* level-3-sample.tmx in Resources */ = {isa = PBXBuildFile; fileRef = D93A525519C07BFE0027A2FD /* level-3-sample.tmx */; };
		D93A526319C07BFE0027A2FD /* Levels.plist in Resources */ = {isa = PBXBuildFile; fileRef = D93A525619C07BFE0027A2FD /* Levels.plist */; };
		D93A526419C07BFE0027A2FD /* TileMapLayerLoader.m in Sources */ = {isa = PBXBuildFile; fileRef = D93A525819C07BFE0027A2FD /* TileMapLayerLoader.m */; };
		D93A526719C07CE80027A2FD /* TileMapLayer.m in Sources */ = {isa = PBXBuildFile; fileRef = D93A526619C07CE80027A2FD /* TileMapLayer.m */; };
		D9B7B7D619C1D286001D8EB9 /* Player.m in Sources */ = {isa = PBXBuildFile; fileRef = D9B7B7D519C1D286001D8EB9 /* Player.m */; };
		D9DFE65B19C46EC100C621CF /* AnimateSprite.m in Sources */ = {isa = PBXBuildFile; fileRef = D9DFE65A19C46EC100C621CF /* AnimateSprite.m */; };
/* End PBXBuildFile section */

/* Begin PBXContainerItemProxy section */
		D93A51D519C07A100027A2FD /* PBXContainerItemProxy */ = {
			isa = PBXContainerItemProxy;
			containerPortal = D93A51A019C07A0D0027A2FD /* Project object */;
			proxyType = 1;
			remoteGlobalIDString = D93A51A719C07A0D0027A2FD;
			remoteInfo = PestControl;
		};
/* End PBXContainerItemProxy section */

/* Begin PBXFileReference section */
		D932425419C3154900CA28AB /* Bug.h */ = {isa = PBXFileReference; fileEncoding = 4; lastKnownFileType = sourcecode.c.h; path = Bug.h; sourceTree = "<group>"; };
		D932425519C3154900CA28AB /* Bug.m */ = {isa = PBXFileReference; fileEncoding = 4; lastKnownFileType = sourcecode.c.objc; path = Bug.m; sourceTree = "<group>"; };
		D93A51A819C07A0D0027A2FD /* PestControl.app */ = {isa = PBXFileReference; explicitFileType = wrapper.application; includeInIndex = 0; path = PestControl.app; sourceTree = BUILT_PRODUCTS_DIR; };
		D93A51AB19C07A0D0027A2FD /* Foundation.framework */ = {isa = PBXFileReference; lastKnownFileType = wrapper.framework; name = Foundation.framework; path = System/Library/Frameworks/Foundation.framework; sourceTree = SDKROOT; };
		D93A51AD19C07A0D0027A2FD /* CoreGraphics.framework */ = {isa = PBXFileReference; lastKnownFileType = wrapper.framework; name = CoreGraphics.framework; path = System/Library/Frameworks/CoreGraphics.framework; sourceTree = SDKROOT; };
		D93A51AF19C07A0D0027A2FD /* UIKit.framework */ = {isa = PBXFileReference; lastKnownFileType = wrapper.framework; name = UIKit.framework; path = System/Library/Frameworks/UIKit.framework; sourceTree = SDKROOT; };
		D93A51B119C07A0D0027A2FD /* SpriteKit.framework */ = {isa = PBXFileReference; lastKnownFileType = wrapper.framework; name = SpriteKit.framework; path = System/Library/Frameworks/SpriteKit.framework; sourceTree = SDKROOT; };
		D93A51B519C07A0D0027A2FD /* PestControl-Info.plist */ = {isa = PBXFileReference; lastKnownFileType = text.plist.xml; path = "PestControl-Info.plist"; sourceTree = "<group>"; };
		D93A51B719C07A0D0027A2FD /* en */ = {isa = PBXFileReference; lastKnownFileType = text.plist.strings; name = en; path = en.lproj/InfoPlist.strings; sourceTree = "<group>"; };
		D93A51B919C07A0D0027A2FD /* main.m */ = {isa = PBXFileReference; lastKnownFileType = sourcecode.c.objc; path = main.m; sourceTree = "<group>"; };
		D93A51BB19C07A0D0027A2FD /* PestControl-Prefix.pch */ = {isa = PBXFileReference; lastKnownFileType = sourcecode.c.h; path = "PestControl-Prefix.pch"; sourceTree = "<group>"; };
		D93A51BC19C07A0D0027A2FD /* AppDelegate.h */ = {isa = PBXFileReference; lastKnownFileType = sourcecode.c.h; path = AppDelegate.h; sourceTree = "<group>"; };
		D93A51BD19C07A0D0027A2FD /* AppDelegate.m */ = {isa = PBXFileReference; lastKnownFileType = sourcecode.c.objc; path = AppDelegate.m; sourceTree = "<group>"; };
		D93A51C019C07A0D0027A2FD /* Base */ = {isa = PBXFileReference; lastKnownFileType = file.storyboard; name = Base; path = Base.lproj/Main.storyboard; sourceTree = "<group>"; };
		D93A51C219C07A0D0027A2FD /* ViewController.h */ = {isa = PBXFileReference; lastKnownFileType = sourcecode.c.h; path = ViewController.h; sourceTree = "<group>"; };
		D93A51C319C07A0D0027A2FD /* ViewController.m */ = {isa = PBXFileReference; lastKnownFileType = sourcecode.c.objc; path = ViewController.m; sourceTree = "<group>"; };
		D93A51C519C07A0D0027A2FD /* MyScene.h */ = {isa = PBXFileReference; lastKnownFileType = sourcecode.c.h; path = MyScene.h; sourceTree = "<group>"; };
		D93A51C619C07A0D0027A2FD /* MyScene.m */ = {isa = PBXFileReference; lastKnownFileType = sourcecode.c.objc; path = MyScene.m; sourceTree = "<group>"; };
		D93A51CA19C07A0E0027A2FD /* Images.xcassets */ = {isa = PBXFileReference; lastKnownFileType = folder.assetcatalog; path = Images.xcassets; sourceTree = "<group>"; };
		D93A51D019C07A100027A2FD /* PestControlTests.xctest */ = {isa = PBXFileReference; explicitFileType = wrapper.cfbundle; includeInIndex = 0; path = PestControlTests.xctest; sourceTree = BUILT_PRODUCTS_DIR; };
		D93A51D119C07A100027A2FD /* XCTest.framework */ = {isa = PBXFileReference; lastKnownFileType = wrapper.framework; name = XCTest.framework; path = Library/Frameworks/XCTest.framework; sourceTree = DEVELOPER_DIR; };
		D93A51D919C07A100027A2FD /* PestControlTests-Info.plist */ = {isa = PBXFileReference; lastKnownFileType = text.plist.xml; path = "PestControlTests-Info.plist"; sourceTree = "<group>"; };
		D93A51DB19C07A100027A2FD /* en */ = {isa = PBXFileReference; lastKnownFileType = text.plist.strings; name = en; path = en.lproj/InfoPlist.strings; sourceTree = "<group>"; };
		D93A51DD19C07A100027A2FD /* PestControlTests.m */ = {isa = PBXFileReference; lastKnownFileType = sourcecode.c.objc; path = PestControlTests.m; sourceTree = "<group>"; };
		D93A51E819C07A590027A2FD /* SKAction+SKTExtras.h */ = {isa = PBXFileReference; fileEncoding = 4; lastKnownFileType = sourcecode.c.h; path = "SKAction+SKTExtras.h"; sourceTree = "<group>"; };
		D93A51E919C07A590027A2FD /* SKAction+SKTExtras.m */ = {isa = PBXFileReference; fileEncoding = 4; lastKnownFileType = sourcecode.c.objc; path = "SKAction+SKTExtras.m"; sourceTree = "<group>"; };
		D93A51EA19C07A590027A2FD /* SKEmitterNode+SKTExtras.h */ = {isa = PBXFileReference; fileEncoding = 4; lastKnownFileType = sourcecode.c.h; path = "SKEmitterNode+SKTExtras.h"; sourceTree = "<group>"; };
		D93A51EB19C07A590027A2FD /* SKEmitterNode+SKTExtras.m */ = {isa = PBXFileReference; fileEncoding = 4; lastKnownFileType = sourcecode.c.objc; path = "SKEmitterNode+SKTExtras.m"; sourceTree = "<group>"; };
		D93A51EC19C07A590027A2FD /* SKNode+SKTExtras.h */ = {isa = PBXFileReference; fileEncoding = 4; lastKnownFileType = sourcecode.c.h; path = "SKNode+SKTExtras.h"; sourceTree = "<group>"; };
		D93A51ED19C07A590027A2FD /* SKNode+SKTExtras.m */ = {isa = PBXFileReference; fileEncoding = 4; lastKnownFileType = sourcecode.c.objc; path = "SKNode+SKTExtras.m"; sourceTree = "<group>"; };
		D93A51EE19C07A590027A2FD /* SKTAudio.h */ = {isa = PBXFileReference; fileEncoding = 4; lastKnownFileType = sourcecode.c.h; path = SKTAudio.h; sourceTree = "<group>"; };
		D93A51EF19C07A590027A2FD /* SKTAudio.m */ = {isa = PBXFileReference; fileEncoding = 4; lastKnownFileType = sourcecode.c.objc; path = SKTAudio.m; sourceTree = "<group>"; };
		D93A51F019C07A590027A2FD /* SKTUtils.h */ = {isa = PBXFileReference; fileEncoding = 4; lastKnownFileType = sourcecode.c.h; path = SKTUtils.h; sourceTree = "<group>"; };
		D93A51F119C07A590027A2FD /* SKTUtils.mm */ = {isa = PBXFileReference; fileEncoding = 4; lastKnownFileType = sourcecode.cpp.objcpp; path = SKTUtils.mm; sourceTree = "<group>"; };
		D93A51FA19C07AFD0027A2FD /* characters.atlas */ = {isa = PBXFileReference; lastKnownFileType = folder.skatlas; path = characters.atlas; sourceTree = "<group>"; };
		D93A51FB19C07AFD0027A2FD /* scenery.atlas */ = {isa = PBXFileReference; lastKnownFileType = folder.skatlas; path = scenery.atlas; sourceTree = "<group>"; };
		D93A51FD19C07AFD0027A2FD /* BugSplatter.sks */ = {isa = PBXFileReference; lastKnownFileType = file.sks; path = BugSplatter.sks; sourceTree = "<group>"; };
		D93A51FE19C07AFD0027A2FD /* FirebugSmoke.sks */ = {isa = PBXFileReference; lastKnownFileType = file.sks; path = FirebugSmoke.sks; sourceTree = "<group>"; };
		D93A51FF19C07AFD0027A2FD /* FirebugSparks.sks */ = {isa = PBXFileReference; lastKnownFileType = file.sks; path = FirebugSparks.sks; sourceTree = "<group>"; };
		D93A520019C07AFD0027A2FD /* Leaf.png */ = {isa = PBXFileReference; lastKnownFileType = image.png; path = Leaf.png; sourceTree = "<group>"; };
		D93A520119C07AFD0027A2FD /* PlayerHitWall.sks */ = {isa = PBXFileReference; lastKnownFileType = file.sks; path = PlayerHitWall.sks; sourceTree = "<group>"; };
		D93A520219C07AFD0027A2FD /* PlayerTrail.sks */ = {isa = PBXFileReference; lastKnownFileType = file.sks; path = PlayerTrail.sks; sourceTree = "<group>"; };
		D93A520319C07AFD0027A2FD /* Rock.png */ = {isa = PBXFileReference; lastKnownFileType = image.png; path = Rock.png; sourceTree = "<group>"; };
		D93A520419C07AFD0027A2FD /* Spark.png */ = {isa = PBXFileReference; lastKnownFileType = image.png; path = Spark.png; sourceTree = "<group>"; };
		D93A520519C07AFD0027A2FD /* Splat.png */ = {isa = PBXFileReference; lastKnownFileType = image.png; path = Splat.png; sourceTree = "<group>"; };
		D93A520619C07AFD0027A2FD /* Star.png */ = {isa = PBXFileReference; lastKnownFileType = image.png; path = Star.png; sourceTree = "<group>"; };
		D93A520719C07AFD0027A2FD /* TreeSmash.sks */ = {isa = PBXFileReference; lastKnownFileType = file.sks; path = TreeSmash.sks; sourceTree = "<group>"; };
		D93A520819C07AFD0027A2FD /* WaterDrop.png */ = {isa = PBXFileReference; lastKnownFileType = image.png; path = WaterDrop.png; sourceTree = "<group>"; };
		D93A520A19C07AFD0027A2FD /* DrownFireBug.mp3 */ = {isa = PBXFileReference; lastKnownFileType = audio.mp3; path = DrownFireBug.mp3; sourceTree = "<group>"; };
		D93A520B19C07AFD0027A2FD /* HitFireBug.mp3 */ = {isa = PBXFileReference; lastKnownFileType = audio.mp3; path = HitFireBug.mp3; sourceTree = "<group>"; };
		D93A520C19C07AFD0027A2FD /* HitTree.mp3 */ = {isa = PBXFileReference; lastKnownFileType = audio.mp3; path = HitTree.mp3; sourceTree = "<group>"; };
		D93A520D19C07AFD0027A2FD /* HitWall.mp3 */ = {isa = PBXFileReference; lastKnownFileType = audio.mp3; path = HitWall.mp3; sourceTree = "<group>"; };
		D93A520E19C07AFD0027A2FD /* HitWater.mp3 */ = {isa = PBXFileReference; lastKnownFileType = audio.mp3; path = HitWater.mp3; sourceTree = "<group>"; };
		D93A520F19C07AFD0027A2FD /* KillBug-1.mp3 */ = {isa = PBXFileReference; lastKnownFileType = audio.mp3; path = "KillBug-1.mp3"; sourceTree = "<group>"; };
		D93A521019C07AFD0027A2FD /* KillBug-10.mp3 */ = {isa = PBXFileReference; lastKnownFileType = audio.mp3; path = "KillBug-10.mp3"; sourceTree = "<group>"; };
		D93A521119C07AFD0027A2FD /* KillBug-11.mp3 */ = {isa = PBXFileReference; lastKnownFileType = audio.mp3; path = "KillBug-11.mp3"; sourceTree = "<group>"; };
		D93A521219C07AFD0027A2FD /* KillBug-12.mp3 */ = {isa = PBXFileReference; lastKnownFileType = audio.mp3; path = "KillBug-12.mp3"; sourceTree = "<group>"; };
		D93A521319C07AFD0027A2FD /* KillBug-2.mp3 */ = {isa = PBXFileReference; lastKnownFileType = audio.mp3; path = "KillBug-2.mp3"; sourceTree = "<group>"; };
		D93A521419C07AFD0027A2FD /* KillBug-3.mp3 */ = {isa = PBXFileReference; lastKnownFileType = audio.mp3; path = "KillBug-3.mp3"; sourceTree = "<group>"; };
		D93A521519C07AFD0027A2FD /* KillBug-4.mp3 */ = {isa = PBXFileReference; lastKnownFileType = audio.mp3; path = "KillBug-4.mp3"; sourceTree = "<group>"; };
		D93A521619C07AFD0027A2FD /* KillBug-5.mp3 */ = {isa = PBXFileReference; lastKnownFileType = audio.mp3; path = "KillBug-5.mp3"; sourceTree = "<group>"; };
		D93A521719C07AFD0027A2FD /* KillBug-6.mp3 */ = {isa = PBXFileReference; lastKnownFileType = audio.mp3; path = "KillBug-6.mp3"; sourceTree = "<group>"; };
		D93A521819C07AFD0027A2FD /* KillBug-7.mp3 */ = {isa = PBXFileReference; lastKnownFileType = audio.mp3; path = "KillBug-7.mp3"; sourceTree = "<group>"; };
		D93A521919C07AFD0027A2FD /* KillBug-8.mp3 */ = {isa = PBXFileReference; lastKnownFileType = audio.mp3; path = "KillBug-8.mp3"; sourceTree = "<group>"; };
		D93A521A19C07AFD0027A2FD /* KillBug-9.mp3 */ = {isa = PBXFileReference; lastKnownFileType = audio.mp3; path = "KillBug-9.mp3"; sourceTree = "<group>"; };
		D93A521B19C07AFD0027A2FD /* Lose.mp3 */ = {isa = PBXFileReference; lastKnownFileType = audio.mp3; path = Lose.mp3; sourceTree = "<group>"; };
		D93A521C19C07AFD0027A2FD /* Music.mp3 */ = {isa = PBXFileReference; lastKnownFileType = audio.mp3; path = Music.mp3; sourceTree = "<group>"; };
		D93A521D19C07AFD0027A2FD /* PlayerMove.mp3 */ = {isa = PBXFileReference; lastKnownFileType = audio.mp3; path = PlayerMove.mp3; sourceTree = "<group>"; };
		D93A521E19C07AFD0027A2FD /* TickTock.mp3 */ = {isa = PBXFileReference; lastKnownFileType = audio.mp3; path = TickTock.mp3; sourceTree = "<group>"; };
		D93A521F19C07AFD0027A2FD /* Win.mp3 */ = {isa = PBXFileReference; lastKnownFileType = audio.mp3; path = Win.mp3; sourceTree = "<group>"; };
		D93A524619C07BE70027A2FD /* SKTEffects.h */ = {isa = PBXFileReference; fileEncoding = 4; lastKnownFileType = sourcecode.c.h; path = SKTEffects.h; sourceTree = "<group>"; };
		D93A524719C07BE70027A2FD /* SKTEffects.m */ = {isa = PBXFileReference; fileEncoding = 4; lastKnownFileType = sourcecode.c.objc; path = SKTEffects.m; sourceTree = "<group>"; };
		D93A524819C07BE70027A2FD /* SKTTimingFunctions.h */ = {isa = PBXFileReference; fileEncoding = 4; lastKnownFileType = sourcecode.c.h; path = SKTTimingFunctions.h; sourceTree = "<group>"; };
		D93A524919C07BE70027A2FD /* SKTTimingFunctions.m */ = {isa = PBXFileReference; fileEncoding = 4; lastKnownFileType = sourcecode.c.objc; path = SKTTimingFunctions.m; sourceTree = "<group>"; };
		D93A524C19C07BFE0027A2FD /* juicy-level-bg.txt */ = {isa = PBXFileReference; fileEncoding = 4; lastKnownFileType = text; path = "juicy-level-bg.txt"; sourceTree = "<group>"; };
		D93A524D19C07BFE0027A2FD /* juicy-level-breakables.txt */ = {isa = PBXFileReference; fileEncoding = 4; lastKnownFileType = text; path = "juicy-level-breakables.txt"; sourceTree = "<group>"; };
		D93A524E19C07BFE0027A2FD /* juicy-level-bugs.txt */ = {isa = PBXFileReference; fileEncoding = 4; lastKnownFileType = text; path = "juicy-level-bugs.txt"; sourceTree = "<group>"; };
		D93A524F19C07BFE0027A2FD /* JuicyLevels.plist */ = {isa = PBXFileReference; fileEncoding = 4; lastKnownFileType = text.plist.xml; path = JuicyLevels.plist; sourceTree = "<group>"; };
		D93A525019C07BFE0027A2FD /* level-1-bg.txt */ = {isa = PBXFileReference; fileEncoding = 4; lastKnownFileType = text; path = "level-1-bg.txt"; sourceTree = "<group>"; };
		D93A525119C07BFE0027A2FD /* level-1-bugs.txt */ = {isa = PBXFileReference; fileEncoding = 4; lastKnownFileType = text; path = "level-1-bugs.txt"; sourceTree = "<group>"; };
		D93A525219C07BFE0027A2FD /* level-2-bg.txt */ = {isa = PBXFileReference; fileEncoding = 4; lastKnownFileType = text; path = "level-2-bg.txt"; sourceTree = "<group>"; };
		D93A525319C07BFE0027A2FD /* level-2-breakables.txt */ = {isa = PBXFileReference; fileEncoding = 4; lastKnownFileType = text; path = "level-2-breakables.txt"; sourceTree = "<group>"; };
		D93A525419C07BFE0027A2FD /* level-2-bugs.txt */ = {isa = PBXFileReference; fileEncoding = 4; lastKnownFileType = text; path = "level-2-bugs.txt"; sourceTree = "<group>"; };
		D93A525519C07BFE0027A2FD /* level-3-sample.tmx */ = {isa = PBXFileReference; fileEncoding = 4; lastKnownFileType = text.xml; path = "level-3-sample.tmx"; sourceTree = "<group>"; };
		D93A525619C07BFE0027A2FD /* Levels.plist */ = {isa = PBXFileReference; fileEncoding = 4; lastKnownFileType = text.plist.xml; path = Levels.plist; sourceTree = "<group>"; };
		D93A525719C07BFE0027A2FD /* TileMapLayerLoader.h */ = {isa = PBXFileReference; fileEncoding = 4; lastKnownFileType = sourcecode.c.h; path = TileMapLayerLoader.h; sourceTree = "<group>"; };
		D93A525819C07BFE0027A2FD /* TileMapLayerLoader.m */ = {isa = PBXFileReference; fileEncoding = 4; lastKnownFileType = sourcecode.c.objc; path = TileMapLayerLoader.m; sourceTree = "<group>"; };
		D93A526519C07CE80027A2FD /* TileMapLayer.h */ = {isa = PBXFileReference; fileEncoding = 4; lastKnownFileType = sourcecode.c.h; path = TileMapLayer.h; sourceTree = "<group>"; };
		D93A526619C07CE80027A2FD /* TileMapLayer.m */ = {isa = PBXFileReference; fileEncoding = 4; lastKnownFileType = sourcecode.c.objc; path = TileMapLayer.m; sourceTree = "<group>"; };
		D9B7B7D419C1D286001D8EB9 /* Player.h */ = {isa = PBXFileReference; fileEncoding = 4; lastKnownFileType = sourcecode.c.h; path = Player.h; sourceTree = "<group>"; };
		D9B7B7D519C1D286001D8EB9 /* Player.m */ = {isa = PBXFileReference; fileEncoding = 4; lastKnownFileType = sourcecode.c.objc; path = Player.m; sourceTree = "<group>"; };
		D9DFE65919C46EC100C621CF /* AnimateSprite.h */ = {isa = PBXFileReference; fileEncoding = 4; lastKnownFileType = sourcecode.c.h; path = AnimateSprite.h; sourceTree = "<group>"; };
		D9DFE65A19C46EC100C621CF /* AnimateSprite.m */ = {isa = PBXFileReference; fileEncoding = 4; lastKnownFileType = sourcecode.c.objc; path = AnimateSprite.m; sourceTree = "<group>"; };
/* End PBXFileReference section */

/* Begin PBXFrameworksBuildPhase section */
		D93A51A519C07A0D0027A2FD /* Frameworks */ = {
			isa = PBXFrameworksBuildPhase;
			buildActionMask = 2147483647;
			files = (
				D93A51AE19C07A0D0027A2FD /* CoreGraphics.framework in Frameworks */,
				D93A51B019C07A0D0027A2FD /* UIKit.framework in Frameworks */,
				D93A51B219C07A0D0027A2FD /* SpriteKit.framework in Frameworks */,
				D93A51AC19C07A0D0027A2FD /* Foundation.framework in Frameworks */,
			);
			runOnlyForDeploymentPostprocessing = 0;
		};
		D93A51CD19C07A100027A2FD /* Frameworks */ = {
			isa = PBXFrameworksBuildPhase;
			buildActionMask = 2147483647;
			files = (
				D93A51D219C07A100027A2FD /* XCTest.framework in Frameworks */,
				D93A51D419C07A100027A2FD /* UIKit.framework in Frameworks */,
				D93A51D319C07A100027A2FD /* Foundation.framework in Frameworks */,
			);
			runOnlyForDeploymentPostprocessing = 0;
		};
/* End PBXFrameworksBuildPhase section */

/* Begin PBXGroup section */
		D93A519F19C07A0D0027A2FD = {
			isa = PBXGroup;
			children = (
				D93A51B319C07A0D0027A2FD /* PestControl */,
				D93A51D719C07A100027A2FD /* PestControlTests */,
				D93A51AA19C07A0D0027A2FD /* Frameworks */,
				D93A51A919C07A0D0027A2FD /* Products */,
			);
			sourceTree = "<group>";
		};
		D93A51A919C07A0D0027A2FD /* Products */ = {
			isa = PBXGroup;
			children = (
				D93A51A819C07A0D0027A2FD /* PestControl.app */,
				D93A51D019C07A100027A2FD /* PestControlTests.xctest */,
			);
			name = Products;
			sourceTree = "<group>";
		};
		D93A51AA19C07A0D0027A2FD /* Frameworks */ = {
			isa = PBXGroup;
			children = (
				D93A51AB19C07A0D0027A2FD /* Foundation.framework */,
				D93A51AD19C07A0D0027A2FD /* CoreGraphics.framework */,
				D93A51AF19C07A0D0027A2FD /* UIKit.framework */,
				D93A51B119C07A0D0027A2FD /* SpriteKit.framework */,
				D93A51D119C07A100027A2FD /* XCTest.framework */,
			);
			name = Frameworks;
			sourceTree = "<group>";
		};
		D93A51B319C07A0D0027A2FD /* PestControl */ = {
			isa = PBXGroup;
			children = (
				D93A51F719C07AE30027A2FD /* Resources */,
				D93A51E719C07A590027A2FD /* SKTUtils */,
				D9DFE65919C46EC100C621CF /* AnimateSprite.h */,
				D9DFE65A19C46EC100C621CF /* AnimateSprite.m */,
				D93A51BC19C07A0D0027A2FD /* AppDelegate.h */,
				D93A51BD19C07A0D0027A2FD /* AppDelegate.m */,
				D932425419C3154900CA28AB /* Bug.h */,
				D932425519C3154900CA28AB /* Bug.m */,
				D93A51BF19C07A0D0027A2FD /* Main.storyboard */,
				D93A51C219C07A0D0027A2FD /* ViewController.h */,
				D93A51C319C07A0D0027A2FD /* ViewController.m */,
				D93A51C519C07A0D0027A2FD /* MyScene.h */,
				D93A51C619C07A0D0027A2FD /* MyScene.m */,
				D9B7B7D419C1D286001D8EB9 /* Player.h */,
				D9B7B7D519C1D286001D8EB9 /* Player.m */,
				D93A526519C07CE80027A2FD /* TileMapLayer.h */,
				D93A526619C07CE80027A2FD /* TileMapLayer.m */,
				D93A51CA19C07A0E0027A2FD /* Images.xcassets */,
				D93A51B419C07A0D0027A2FD /* Supporting Files */,
			);
			path = PestControl;
			sourceTree = "<group>";
		};
		D93A51B419C07A0D0027A2FD /* Supporting Files */ = {
			isa = PBXGroup;
			children = (
				D93A51B519C07A0D0027A2FD /* PestControl-Info.plist */,
				D93A51B619C07A0D0027A2FD /* InfoPlist.strings */,
				D93A51B919C07A0D0027A2FD /* main.m */,
				D93A51BB19C07A0D0027A2FD /* PestControl-Prefix.pch */,
			);
			name = "Supporting Files";
			sourceTree = "<group>";
		};
		D93A51D719C07A100027A2FD /* PestControlTests */ = {
			isa = PBXGroup;
			children = (
				D93A51DD19C07A100027A2FD /* PestControlTests.m */,
				D93A51D819C07A100027A2FD /* Supporting Files */,
			);
			path = PestControlTests;
			sourceTree = "<group>";
		};
		D93A51D819C07A100027A2FD /* Supporting Files */ = {
			isa = PBXGroup;
			children = (
				D93A51D919C07A100027A2FD /* PestControlTests-Info.plist */,
				D93A51DA19C07A100027A2FD /* InfoPlist.strings */,
			);
			name = "Supporting Files";
			sourceTree = "<group>";
		};
		D93A51E719C07A590027A2FD /* SKTUtils */ = {
			isa = PBXGroup;
			children = (
				D93A51E819C07A590027A2FD /* SKAction+SKTExtras.h */,
				D93A51E919C07A590027A2FD /* SKAction+SKTExtras.m */,
				D93A51EA19C07A590027A2FD /* SKEmitterNode+SKTExtras.h */,
				D93A51EB19C07A590027A2FD /* SKEmitterNode+SKTExtras.m */,
				D93A51EC19C07A590027A2FD /* SKNode+SKTExtras.h */,
				D93A51ED19C07A590027A2FD /* SKNode+SKTExtras.m */,
				D93A51EE19C07A590027A2FD /* SKTAudio.h */,
				D93A51EF19C07A590027A2FD /* SKTAudio.m */,
				D93A51F019C07A590027A2FD /* SKTUtils.h */,
				D93A51F119C07A590027A2FD /* SKTUtils.mm */,
			);
			path = SKTUtils;
			sourceTree = "<group>";
		};
		D93A51F719C07AE30027A2FD /* Resources */ = {
			isa = PBXGroup;
			children = (
				D93A524519C07BE70027A2FD /* Extra Source Code */,
				D93A51F819C07AFD0027A2FD /* Art */,
				D93A524419C07B560027A2FD /* Levels */,
			);
			name = Resources;
			sourceTree = "<group>";
		};
		D93A51F819C07AFD0027A2FD /* Art */ = {
			isa = PBXGroup;
			children = (
				D93A51F919C07AFD0027A2FD /* Images */,
				D93A51FC19C07AFD0027A2FD /* Particles */,
				D93A520919C07AFD0027A2FD /* Sounds */,
			);
			path = Art;
			sourceTree = "<group>";
		};
		D93A51F919C07AFD0027A2FD /* Images */ = {
			isa = PBXGroup;
			children = (
				D93A51FA19C07AFD0027A2FD /* characters.atlas */,
				D93A51FB19C07AFD0027A2FD /* scenery.atlas */,
			);
			path = Images;
			sourceTree = "<group>";
		};
		D93A51FC19C07AFD0027A2FD /* Particles */ = {
			isa = PBXGroup;
			children = (
				D93A51FD19C07AFD0027A2FD /* BugSplatter.sks */,
				D93A51FE19C07AFD0027A2FD /* FirebugSmoke.sks */,
				D93A51FF19C07AFD0027A2FD /* FirebugSparks.sks */,
				D93A520019C07AFD0027A2FD /* Leaf.png */,
				D93A520119C07AFD0027A2FD /* PlayerHitWall.sks */,
				D93A520219C07AFD0027A2FD /* PlayerTrail.sks */,
				D93A520319C07AFD0027A2FD /* Rock.png */,
				D93A520419C07AFD0027A2FD /* Spark.png */,
				D93A520519C07AFD0027A2FD /* Splat.png */,
				D93A520619C07AFD0027A2FD /* Star.png */,
				D93A520719C07AFD0027A2FD /* TreeSmash.sks */,
				D93A520819C07AFD0027A2FD /* WaterDrop.png */,
			);
			path = Particles;
			sourceTree = "<group>";
		};
		D93A520919C07AFD0027A2FD /* Sounds */ = {
			isa = PBXGroup;
			children = (
				D93A520A19C07AFD0027A2FD /* DrownFireBug.mp3 */,
				D93A520B19C07AFD0027A2FD /* HitFireBug.mp3 */,
				D93A520C19C07AFD0027A2FD /* HitTree.mp3 */,
				D93A520D19C07AFD0027A2FD /* HitWall.mp3 */,
				D93A520E19C07AFD0027A2FD /* HitWater.mp3 */,
				D93A520F19C07AFD0027A2FD /* KillBug-1.mp3 */,
				D93A521019C07AFD0027A2FD /* KillBug-10.mp3 */,
				D93A521119C07AFD0027A2FD /* KillBug-11.mp3 */,
				D93A521219C07AFD0027A2FD /* KillBug-12.mp3 */,
				D93A521319C07AFD0027A2FD /* KillBug-2.mp3 */,
				D93A521419C07AFD0027A2FD /* KillBug-3.mp3 */,
				D93A521519C07AFD0027A2FD /* KillBug-4.mp3 */,
				D93A521619C07AFD0027A2FD /* KillBug-5.mp3 */,
				D93A521719C07AFD0027A2FD /* KillBug-6.mp3 */,
				D93A521819C07AFD0027A2FD /* KillBug-7.mp3 */,
				D93A521919C07AFD0027A2FD /* KillBug-8.mp3 */,
				D93A521A19C07AFD0027A2FD /* KillBug-9.mp3 */,
				D93A521B19C07AFD0027A2FD /* Lose.mp3 */,
				D93A521C19C07AFD0027A2FD /* Music.mp3 */,
				D93A521D19C07AFD0027A2FD /* PlayerMove.mp3 */,
				D93A521E19C07AFD0027A2FD /* TickTock.mp3 */,
				D93A521F19C07AFD0027A2FD /* Win.mp3 */,
			);
			path = Sounds;
			sourceTree = "<group>";
		};
		D93A524419C07B560027A2FD /* Levels */ = {
			isa = PBXGroup;
			children = (
				D93A524C19C07BFE0027A2FD /* juicy-level-bg.txt */,
				D93A524D19C07BFE0027A2FD /* juicy-level-breakables.txt */,
				D93A524E19C07BFE0027A2FD /* juicy-level-bugs.txt */,
				D93A524F19C07BFE0027A2FD /* JuicyLevels.plist */,
				D93A525019C07BFE0027A2FD /* level-1-bg.txt */,
				D93A525119C07BFE0027A2FD /* level-1-bugs.txt */,
				D93A525219C07BFE0027A2FD /* level-2-bg.txt */,
				D93A525319C07BFE0027A2FD /* level-2-breakables.txt */,
				D93A525419C07BFE0027A2FD /* level-2-bugs.txt */,
				D93A525519C07BFE0027A2FD /* level-3-sample.tmx */,
				D93A525619C07BFE0027A2FD /* Levels.plist */,
				D93A525719C07BFE0027A2FD /* TileMapLayerLoader.h */,
				D93A525819C07BFE0027A2FD /* TileMapLayerLoader.m */,
			);
			name = Levels;
			sourceTree = "<group>";
		};
		D93A524519C07BE70027A2FD /* Extra Source Code */ = {
			isa = PBXGroup;
			children = (
				D93A524619C07BE70027A2FD /* SKTEffects.h */,
				D93A524719C07BE70027A2FD /* SKTEffects.m */,
				D93A524819C07BE70027A2FD /* SKTTimingFunctions.h */,
				D93A524919C07BE70027A2FD /* SKTTimingFunctions.m */,
			);
			path = "Extra Source Code";
			sourceTree = "<group>";
		};
/* End PBXGroup section */

/* Begin PBXNativeTarget section */
		D93A51A719C07A0D0027A2FD /* PestControl */ = {
			isa = PBXNativeTarget;
			buildConfigurationList = D93A51E119C07A100027A2FD /* Build configuration list for PBXNativeTarget "PestControl" */;
			buildPhases = (
				D93A51A419C07A0D0027A2FD /* Sources */,
				D93A51A519C07A0D0027A2FD /* Frameworks */,
				D93A51A619C07A0D0027A2FD /* Resources */,
			);
			buildRules = (
			);
			dependencies = (
			);
			name = PestControl;
			productName = PestControl;
			productReference = D93A51A819C07A0D0027A2FD /* PestControl.app */;
			productType = "com.apple.product-type.application";
		};
		D93A51CF19C07A100027A2FD /* PestControlTests */ = {
			isa = PBXNativeTarget;
			buildConfigurationList = D93A51E419C07A100027A2FD /* Build configuration list for PBXNativeTarget "PestControlTests" */;
			buildPhases = (
				D93A51CC19C07A100027A2FD /* Sources */,
				D93A51CD19C07A100027A2FD /* Frameworks */,
				D93A51CE19C07A100027A2FD /* Resources */,
			);
			buildRules = (
			);
			dependencies = (
				D93A51D619C07A100027A2FD /* PBXTargetDependency */,
			);
			name = PestControlTests;
			productName = PestControlTests;
			productReference = D93A51D019C07A100027A2FD /* PestControlTests.xctest */;
			productType = "com.apple.product-type.bundle.unit-test";
		};
/* End PBXNativeTarget section */

/* Begin PBXProject section */
		D93A51A019C07A0D0027A2FD /* Project object */ = {
			isa = PBXProject;
			attributes = {
				LastUpgradeCheck = 0510;
				ORGANIZATIONNAME = "Maynesoft LLC";
				TargetAttributes = {
					D93A51CF19C07A100027A2FD = {
						TestTargetID = D93A51A719C07A0D0027A2FD;
					};
				};
			};
			buildConfigurationList = D93A51A319C07A0D0027A2FD /* Build configuration list for PBXProject "PestControl" */;
			compatibilityVersion = "Xcode 3.2";
			developmentRegion = English;
			hasScannedForEncodings = 0;
			knownRegions = (
				en,
				Base,
			);
			mainGroup = D93A519F19C07A0D0027A2FD;
			productRefGroup = D93A51A919C07A0D0027A2FD /* Products */;
			projectDirPath = "";
			projectRoot = "";
			targets = (
				D93A51A719C07A0D0027A2FD /* PestControl */,
				D93A51CF19C07A100027A2FD /* PestControlTests */,
			);
		};
/* End PBXProject section */

/* Begin PBXResourcesBuildPhase section */
		D93A51A619C07A0D0027A2FD /* Resources */ = {
			isa = PBXResourcesBuildPhase;
			buildActionMask = 2147483647;
			files = (
				D93A523A19C07AFD0027A2FD /* KillBug-5.mp3 in Resources */,
				D93A522419C07AFD0027A2FD /* FirebugSparks.sks in Resources */,
				D93A525C19C07BFE0027A2FD /* JuicyLevels.plist in Resources */,
				D93A526119C07BFE0027A2FD /* level-2-bugs.txt in Resources */,
				D93A522619C07AFD0027A2FD /* PlayerHitWall.sks in Resources */,
				D93A526019C07BFE0027A2FD /* level-2-breakables.txt in Resources */,
				D93A525E19C07BFE0027A2FD /* level-1-bugs.txt in Resources */,
				D93A524319C07AFD0027A2FD /* Win.mp3 in Resources */,
				D93A523919C07AFD0027A2FD /* KillBug-4.mp3 in Resources */,
				D93A51B819C07A0D0027A2FD /* InfoPlist.strings in Resources */,
				D93A522119C07AFD0027A2FD /* scenery.atlas in Resources */,
				D93A522819C07AFD0027A2FD /* Rock.png in Resources */,
				D93A525A19C07BFE0027A2FD /* juicy-level-breakables.txt in Resources */,
				D93A523519C07AFD0027A2FD /* KillBug-11.mp3 in Resources */,
				D93A522B19C07AFD0027A2FD /* Star.png in Resources */,
				D93A523F19C07AFD0027A2FD /* Lose.mp3 in Resources */,
				D93A525B19C07BFE0027A2FD /* juicy-level-bugs.txt in Resources */,
				D93A524119C07AFD0027A2FD /* PlayerMove.mp3 in Resources */,
				D93A523419C07AFD0027A2FD /* KillBug-10.mp3 in Resources */,
				D93A522D19C07AFD0027A2FD /* WaterDrop.png in Resources */,
				D93A522319C07AFD0027A2FD /* FirebugSmoke.sks in Resources */,
				D93A51CB19C07A0E0027A2FD /* Images.xcassets in Resources */,
				D93A525D19C07BFE0027A2FD /* level-1-bg.txt in Resources */,
				D93A522219C07AFD0027A2FD /* BugSplatter.sks in Resources */,
				D93A523619C07AFD0027A2FD /* KillBug-12.mp3 in Resources */,
				D93A524019C07AFD0027A2FD /* Music.mp3 in Resources */,
				D93A523319C07AFD0027A2FD /* KillBug-1.mp3 in Resources */,
				D93A522519C07AFD0027A2FD /* Leaf.png in Resources */,
				D93A522019C07AFD0027A2FD /* characters.atlas in Resources */,
				D93A525919C07BFE0027A2FD /* juicy-level-bg.txt in Resources */,
				D93A51C119C07A0D0027A2FD /* Main.storyboard in Resources */,
				D93A522719C07AFD0027A2FD /* PlayerTrail.sks in Resources */,
				D93A522919C07AFD0027A2FD /* Spark.png in Resources */,
				D93A526219C07BFE0027A2FD /* level-3-sample.tmx in Resources */,
				D93A523719C07AFD0027A2FD /* KillBug-2.mp3 in Resources */,
				D93A522A19C07AFD0027A2FD /* Splat.png in Resources */,
				D93A523B19C07AFD0027A2FD /* KillBug-6.mp3 in Resources */,
				D93A523219C07AFD0027A2FD /* HitWater.mp3 in Resources */,
				D93A522F19C07AFD0027A2FD /* HitFireBug.mp3 in Resources */,
				D93A523E19C07AFD0027A2FD /* KillBug-9.mp3 in Resources */,
				D93A522C19C07AFD0027A2FD /* TreeSmash.sks in Resources */,
				D93A523D19C07AFD0027A2FD /* KillBug-8.mp3 in Resources */,
				D93A524219C07AFD0027A2FD /* TickTock.mp3 in Resources */,
				D93A523819C07AFD0027A2FD /* KillBug-3.mp3 in Resources */,
				D93A523019C07AFD0027A2FD /* HitTree.mp3 in Resources */,
				D93A523119C07AFD0027A2FD /* HitWall.mp3 in Resources */,
				D93A526319C07BFE0027A2FD /* Levels.plist in Resources */,
				D93A525F19C07BFE0027A2FD /* level-2-bg.txt in Resources */,
				D93A522E19C07AFD0027A2FD /* DrownFireBug.mp3 in Resources */,
				D93A523C19C07AFD0027A2FD /* KillBug-7.mp3 in Resources */,
			);
			runOnlyForDeploymentPostprocessing = 0;
		};
		D93A51CE19C07A100027A2FD /* Resources */ = {
			isa = PBXResourcesBuildPhase;
			buildActionMask = 2147483647;
			files = (
				D93A51DC19C07A100027A2FD /* InfoPlist.strings in Resources */,
			);
			runOnlyForDeploymentPostprocessing = 0;
		};
/* End PBXResourcesBuildPhase section */

/* Begin PBXSourcesBuildPhase section */
		D93A51A419C07A0D0027A2FD /* Sources */ = {
			isa = PBXSourcesBuildPhase;
			buildActionMask = 2147483647;
			files = (
				D9DFE65B19C46EC100C621CF /* AnimateSprite.m in Sources */,
				D932425619C3154900CA28AB /* Bug.m in Sources */,
				D93A51C719C07A0D0027A2FD /* MyScene.m in Sources */,
				D93A524A19C07BE70027A2FD /* SKTEffects.m in Sources */,
				D93A51F519C07A590027A2FD /* SKTAudio.m in Sources */,
				D93A526719C07CE80027A2FD /* TileMapLayer.m in Sources */,
				D93A51C419C07A0D0027A2FD /* ViewController.m in Sources */,
				D93A51F319C07A590027A2FD /* SKEmitterNode+SKTExtras.m in Sources */,
				D93A524B19C07BE70027A2FD /* SKTTimingFunctions.m in Sources */,
				D93A51F619C07A590027A2FD /* SKTUtils.mm in Sources */,
				D93A526419C07BFE0027A2FD /* TileMapLayerLoader.m in Sources */,
				D93A51F219C07A590027A2FD /* SKAction+SKTExtras.m in Sources */,
				D93A51BE19C07A0D0027A2FD /* AppDelegate.m in Sources */,
				D93A51F419C07A590027A2FD /* SKNode+SKTExtras.m in Sources */,
				D9B7B7D619C1D286001D8EB9 /* Player.m in Sources */,
				D93A51BA19C07A0D0027A2FD /* main.m in Sources */,
			);
			runOnlyForDeploymentPostprocessing = 0;
		};
		D93A51CC19C07A100027A2FD /* Sources */ = {
			isa = PBXSourcesBuildPhase;
			buildActionMask = 2147483647;
			files = (
				D93A51DE19C07A100027A2FD /* PestControlTests.m in Sources */,
			);
			runOnlyForDeploymentPostprocessing = 0;
		};
/* End PBXSourcesBuildPhase section */

/* Begin PBXTargetDependency section */
		D93A51D619C07A100027A2FD /* PBXTargetDependency */ = {
			isa = PBXTargetDependency;
			target = D93A51A719C07A0D0027A2FD /* PestControl */;
			targetProxy = D93A51D519C07A100027A2FD /* PBXContainerItemProxy */;
		};
/* End PBXTargetDependency section */

/* Begin PBXVariantGroup section */
		D93A51B619C07A0D0027A2FD /* InfoPlist.strings */ = {
			isa = PBXVariantGroup;
			children = (
				D93A51B719C07A0D0027A2FD /* en */,
			);
			name = InfoPlist.strings;
			sourceTree = "<group>";
		};
		D93A51BF19C07A0D0027A2FD /* Main.storyboard */ = {
			isa = PBXVariantGroup;
			children = (
				D93A51C019C07A0D0027A2FD /* Base */,
			);
			name = Main.storyboard;
			sourceTree = "<group>";
		};
		D93A51DA19C07A100027A2FD /* InfoPlist.strings */ = {
			isa = PBXVariantGroup;
			children = (
				D93A51DB19C07A100027A2FD /* en */,
			);
			name = InfoPlist.strings;
			sourceTree = "<group>";
		};
/* End PBXVariantGroup section */

/* Begin XCBuildConfiguration section */
		D93A51DF19C07A100027A2FD /* Debug */ = {
			isa = XCBuildConfiguration;
			buildSettings = {
				ALWAYS_SEARCH_USER_PATHS = NO;
				CLANG_CXX_LANGUAGE_STANDARD = "gnu++0x";
				CLANG_CXX_LIBRARY = "libc++";
				CLANG_ENABLE_MODULES = YES;
				CLANG_ENABLE_OBJC_ARC = YES;
				CLANG_WARN_BOOL_CONVERSION = YES;
				CLANG_WARN_CONSTANT_CONVERSION = YES;
				CLANG_WARN_DIRECT_OBJC_ISA_USAGE = YES_ERROR;
				CLANG_WARN_EMPTY_BODY = YES;
				CLANG_WARN_ENUM_CONVERSION = YES;
				CLANG_WARN_INT_CONVERSION = YES;
				CLANG_WARN_OBJC_ROOT_CLASS = YES_ERROR;
				CLANG_WARN__DUPLICATE_METHOD_MATCH = YES;
				"CODE_SIGN_IDENTITY[sdk=iphoneos*]" = "iPhone Developer";
				COPY_PHASE_STRIP = NO;
				GCC_C_LANGUAGE_STANDARD = gnu99;
				GCC_DYNAMIC_NO_PIC = NO;
				GCC_OPTIMIZATION_LEVEL = 0;
				GCC_PREPROCESSOR_DEFINITIONS = (
					"DEBUG=1",
					"$(inherited)",
				);
				GCC_SYMBOLS_PRIVATE_EXTERN = NO;
				GCC_WARN_64_TO_32_BIT_CONVERSION = YES;
				GCC_WARN_ABOUT_RETURN_TYPE = YES_ERROR;
				GCC_WARN_UNDECLARED_SELECTOR = YES;
				GCC_WARN_UNINITIALIZED_AUTOS = YES_AGGRESSIVE;
				GCC_WARN_UNUSED_FUNCTION = YES;
				GCC_WARN_UNUSED_VARIABLE = YES;
				IPHONEOS_DEPLOYMENT_TARGET = 7.1;
				ONLY_ACTIVE_ARCH = YES;
				SDKROOT = iphoneos;
			};
			name = Debug;
		};
		D93A51E019C07A100027A2FD /* Release */ = {
			isa = XCBuildConfiguration;
			buildSettings = {
				ALWAYS_SEARCH_USER_PATHS = NO;
				CLANG_CXX_LANGUAGE_STANDARD = "gnu++0x";
				CLANG_CXX_LIBRARY = "libc++";
				CLANG_ENABLE_MODULES = YES;
				CLANG_ENABLE_OBJC_ARC = YES;
				CLANG_WARN_BOOL_CONVERSION = YES;
				CLANG_WARN_CONSTANT_CONVERSION = YES;
				CLANG_WARN_DIRECT_OBJC_ISA_USAGE = YES_ERROR;
				CLANG_WARN_EMPTY_BODY = YES;
				CLANG_WARN_ENUM_CONVERSION = YES;
				CLANG_WARN_INT_CONVERSION = YES;
				CLANG_WARN_OBJC_ROOT_CLASS = YES_ERROR;
				CLANG_WARN__DUPLICATE_METHOD_MATCH = YES;
				"CODE_SIGN_IDENTITY[sdk=iphoneos*]" = "iPhone Developer";
				COPY_PHASE_STRIP = YES;
				ENABLE_NS_ASSERTIONS = NO;
				GCC_C_LANGUAGE_STANDARD = gnu99;
				GCC_WARN_64_TO_32_BIT_CONVERSION = YES;
				GCC_WARN_ABOUT_RETURN_TYPE = YES_ERROR;
				GCC_WARN_UNDECLARED_SELECTOR = YES;
				GCC_WARN_UNINITIALIZED_AUTOS = YES_AGGRESSIVE;
				GCC_WARN_UNUSED_FUNCTION = YES;
				GCC_WARN_UNUSED_VARIABLE = YES;
				IPHONEOS_DEPLOYMENT_TARGET = 7.1;
				SDKROOT = iphoneos;
				VALIDATE_PRODUCT = YES;
			};
			name = Release;
		};
		D93A51E219C07A100027A2FD /* Debug */ = {
			isa = XCBuildConfiguration;
			buildSettings = {
				ASSETCATALOG_COMPILER_APPICON_NAME = AppIcon;
				ASSETCATALOG_COMPILER_LAUNCHIMAGE_NAME = LaunchImage;
				GCC_PRECOMPILE_PREFIX_HEADER = YES;
				GCC_PREFIX_HEADER = "PestControl/PestControl-Prefix.pch";
				INFOPLIST_FILE = "PestControl/PestControl-Info.plist";
				PRODUCT_NAME = "$(TARGET_NAME)";
				SPRITEKIT_TEXTURE_ATLAS_OUTPUT = YES;
				WRAPPER_EXTENSION = app;
			};
			name = Debug;
		};
		D93A51E319C07A100027A2FD /* Release */ = {
			isa = XCBuildConfiguration;
			buildSettings = {
				ASSETCATALOG_COMPILER_APPICON_NAME = AppIcon;
				ASSETCATALOG_COMPILER_LAUNCHIMAGE_NAME = LaunchImage;
				GCC_PRECOMPILE_PREFIX_HEADER = YES;
				GCC_PREFIX_HEADER = "PestControl/PestControl-Prefix.pch";
				INFOPLIST_FILE = "PestControl/PestControl-Info.plist";
				PRODUCT_NAME = "$(TARGET_NAME)";
				SPRITEKIT_TEXTURE_ATLAS_OUTPUT = YES;
				WRAPPER_EXTENSION = app;
			};
			name = Release;
		};
		D93A51E519C07A100027A2FD /* Debug */ = {
			isa = XCBuildConfiguration;
			buildSettings = {
				BUNDLE_LOADER = "$(BUILT_PRODUCTS_DIR)/PestControl.app/PestControl";
				FRAMEWORK_SEARCH_PATHS = (
					"$(SDKROOT)/Developer/Library/Frameworks",
					"$(inherited)",
					"$(DEVELOPER_FRAMEWORKS_DIR)",
				);
				GCC_PRECOMPILE_PREFIX_HEADER = YES;
				GCC_PREFIX_HEADER = "PestControl/PestControl-Prefix.pch";
				GCC_PREPROCESSOR_DEFINITIONS = (
					"DEBUG=1",
					"$(inherited)",
				);
				INFOPLIST_FILE = "PestControlTests/PestControlTests-Info.plist";
				PRODUCT_NAME = "$(TARGET_NAME)";
				TEST_HOST = "$(BUNDLE_LOADER)";
				WRAPPER_EXTENSION = xctest;
			};
			name = Debug;
		};
		D93A51E619C07A100027A2FD /* Release */ = {
			isa = XCBuildConfiguration;
			buildSettings = {
				BUNDLE_LOADER = "$(BUILT_PRODUCTS_DIR)/PestControl.app/PestControl";
				FRAMEWORK_SEARCH_PATHS = (
					"$(SDKROOT)/Developer/Library/Frameworks",
					"$(inherited)",
					"$(DEVELOPER_FRAMEWORKS_DIR)",
				);
				GCC_PRECOMPILE_PREFIX_HEADER = YES;
				GCC_PREFIX_HEADER = "PestControl/PestControl-Prefix.pch";
				INFOPLIST_FILE = "PestControlTests/PestControlTests-Info.plist";
				PRODUCT_NAME = "$(TARGET_NAME)";
				TEST_HOST = "$(BUNDLE_LOADER)";
				WRAPPER_EXTENSION = xctest;
			};
			name = Release;
		};
/* End XCBuildConfiguration section */

/* Begin XCConfigurationList section */
		D93A51A319C07A0D0027A2FD /* Build configuration list for PBXProject "PestControl" */ = {
			isa = XCConfigurationList;
			buildConfigurations = (
				D93A51DF19C07A100027A2FD /* Debug */,
				D93A51E019C07A100027A2FD /* Release */,
			);
			defaultConfigurationIsVisible = 0;
			defaultConfigurationName = Release;
		};
		D93A51E119C07A100027A2FD /* Build configuration list for PBXNativeTarget "PestControl" */ = {
			isa = XCConfigurationList;
			buildConfigurations = (
				D93A51E219C07A100027A2FD /* Debug */,
				D93A51E319C07A100027A2FD /* Release */,
			);
			defaultConfigurationIsVisible = 0;
			defaultConfigurationName = Release;
		};
		D93A51E419C07A100027A2FD /* Build configuration list for PBXNativeTarget "PestControlTests" */ = {
			isa = XCConfigurationList;
			buildConfigurations = (
				D93A51E519C07A100027A2FD /* Debug */,
				D93A51E619C07A100027A2FD /* Release */,
			);
			defaultConfigurationIsVisible = 0;
			defaultConfigurationName = Release;
		};
/* End XCConfigurationList section */
	};
	rootObject = D93A51A019C07A0D0027A2FD /* Project object */;
}
